
Microsoft Visual Studio Solution File, Format Version 12.00
# Visual Studio Version 17
VisualStudioVersion = 17.10.35122.118
MinimumVisualStudioVersion = 10.0.40219.1
Project("{FAE04EC0-301F-11D3-BF4B-00C04F79EFBC}") = "EduMailCheck", "EduMailCheck\EduMailCheck.csproj", "{9E026BF3-B4DB-4172-93ED-759E22E5270F}"
EndProject
Global
	GlobalSection(SolutionConfigurationPlatforms) = preSolution
		Debug|Any CPU = Debug|Any CPU
		Release|Any CPU = Release|Any CPU
	EndGlobalSection
	GlobalSection(ProjectConfigurationPlatforms) = postSolution
		{9E026BF3-B4DB-4172-93ED-759E22E5270F}.Debug|Any CPU.ActiveCfg = Debug|Any CPU
		{9E026BF3-B4DB-4172-93ED-759E22E5270F}.Debug|Any CPU.Build.0 = Debug|Any CPU
		{9E026BF3-B4DB-4172-93ED-759E22E5270F}.Release|Any CPU.ActiveCfg = Release|Any CPU
		{9E026BF3-B4DB-4172-93ED-759E22E5270F}.Release|Any CPU.Build.0 = Release|Any CPU
	EndGlobalSection
	GlobalSection(SolutionProperties) = preSolution
		HideSolutionNode = FALSE
	EndGlobalSection
	GlobalSection(ExtensibilityGlobals) = postSolution
		SolutionGuid = {58D8183F-CDFD-466B-BA20-3B3961C0F4F7}
	EndGlobalSection
EndGlobal
